
Microsoft Visual Studio Solution File, Format Version 12.00
# Visual Studio Version 17
VisualStudioVersion = 17.0.31903.59
MinimumVisualStudioVersion = 10.0.40219.1
Project("{FAE04EC0-301F-11D3-BF4B-00C04F79EFBC}") = "NotificationService", "NotificationService\NotificationService.csproj", "{34CB0F4F-1526-46E2-AD64-EE5F8F7241EF}"
EndProject
Project("{FAE04EC0-301F-11D3-BF4B-00C04F79EFBC}") = "MeetApp.DataEntities", "MeetApp.DataEntities\MeetApp.DataEntities.csproj", "{5E5BA992-610B-4B27-9274-850B66B0E80E}"
EndProject
Project("{FAE04EC0-301F-11D3-BF4B-00C04F79EFBC}") = "NotificationQueue.Services", "NotificationQueue.Services\NotificationQueue.Services.csproj", "{8E3277A1-3395-40AF-BD5D-63719CB5F816}"
EndProject
Global
	GlobalSection(SolutionConfigurationPlatforms) = preSolution
		Debug|Any CPU = Debug|Any CPU
		Release|Any CPU = Release|Any CPU
	EndGlobalSection
	GlobalSection(SolutionProperties) = preSolution
		HideSolutionNode = FALSE
	EndGlobalSection
	GlobalSection(ProjectConfigurationPlatforms) = postSolution
		{34CB0F4F-1526-46E2-AD64-EE5F8F7241EF}.Debug|Any CPU.ActiveCfg = Debug|Any CPU
		{34CB0F4F-1526-46E2-AD64-EE5F8F7241EF}.Debug|Any CPU.Build.0 = Debug|Any CPU
		{34CB0F4F-1526-46E2-AD64-EE5F8F7241EF}.Release|Any CPU.ActiveCfg = Release|Any CPU
		{34CB0F4F-1526-46E2-AD64-EE5F8F7241EF}.Release|Any CPU.Build.0 = Release|Any CPU
		{5E5BA992-610B-4B27-9274-850B66B0E80E}.Debug|Any CPU.ActiveCfg = Debug|Any CPU
		{5E5BA992-610B-4B27-9274-850B66B0E80E}.Debug|Any CPU.Build.0 = Debug|Any CPU
		{5E5BA992-610B-4B27-9274-850B66B0E80E}.Release|Any CPU.ActiveCfg = Release|Any CPU
		{5E5BA992-610B-4B27-9274-850B66B0E80E}.Release|Any CPU.Build.0 = Release|Any CPU
		{8E3277A1-3395-40AF-BD5D-63719CB5F816}.Debug|Any CPU.ActiveCfg = Debug|Any CPU
		{8E3277A1-3395-40AF-BD5D-63719CB5F816}.Debug|Any CPU.Build.0 = Debug|Any CPU
		{8E3277A1-3395-40AF-BD5D-63719CB5F816}.Release|Any CPU.ActiveCfg = Release|Any CPU
		{8E3277A1-3395-40AF-BD5D-63719CB5F816}.Release|Any CPU.Build.0 = Release|Any CPU
	EndGlobalSection
EndGlobal
